
Microsoft Visual Studio Solution File, Format Version 12.00
# Visual Studio Version 17
VisualStudioVersion = 17.6.33829.357
MinimumVisualStudioVersion = 10.0.40219.1
Project("{FAE04EC0-301F-11D3-BF4B-00C04F79EFBC}") = "BookStore", "BookStore\BookStore.csproj", "{DDA1D534-7843-429B-A994-EFB1F66166C6}"
EndProject
Global
	GlobalSection(SolutionConfigurationPlatforms) = preSolution
		Debug|Any CPU = Debug|Any CPU
		Release|Any CPU = Release|Any CPU
	EndGlobalSection
	GlobalSection(ProjectConfigurationPlatforms) = postSolution
		{DDA1D534-7843-429B-A994-EFB1F66166C6}.Debug|Any CPU.ActiveCfg = Debug|Any CPU
		{DDA1D534-7843-429B-A994-EFB1F66166C6}.Debug|Any CPU.Build.0 = Debug|Any CPU
		{DDA1D534-7843-429B-A994-EFB1F66166C6}.Release|Any CPU.ActiveCfg = Release|Any CPU
		{DDA1D534-7843-429B-A994-EFB1F66166C6}.Release|Any CPU.Build.0 = Release|Any CPU
	EndGlobalSection
	GlobalSection(SolutionProperties) = preSolution
		HideSolutionNode = FALSE
	EndGlobalSection
	GlobalSection(ExtensibilityGlobals) = postSolution
		SolutionGuid = {90ACFBC7-A961-4F4C-9269-77424C0AEF0C}
	EndGlobalSection
EndGlobal
